
Microsoft Visual Studio Solution File, Format Version 12.00
# Visual Studio Version 16
VisualStudioVersion = 16.0.34031.81
MinimumVisualStudioVersion = 10.0.40219.1
Project("{FAE04EC0-301F-11D3-BF4B-00C04F79EFBC}") = "WindowsFormsApp1", "WindowsFormsApp1\WindowsFormsApp1.csproj", "{B59BB371-79F6-416B-B00F-81A523FEE99B}"
EndProject
Project("{FAE04EC0-301F-11D3-BF4B-00C04F79EFBC}") = "WindowsFormsApp1Tests", "WindowsFormsApp1Tests\WindowsFormsApp1Tests.csproj", "{697B31F2-F7BF-458E-924A-6BA74EBCBA11}"
EndProject
Global
	GlobalSection(SolutionConfigurationPlatforms) = preSolution
		Debug|Any CPU = Debug|Any CPU
		Release|Any CPU = Release|Any CPU
	EndGlobalSection
	GlobalSection(ProjectConfigurationPlatforms) = postSolution
		{B59BB371-79F6-416B-B00F-81A523FEE99B}.Debug|Any CPU.ActiveCfg = Debug|Any CPU
		{B59BB371-79F6-416B-B00F-81A523FEE99B}.Debug|Any CPU.Build.0 = Debug|Any CPU
		{B59BB371-79F6-416B-B00F-81A523FEE99B}.Release|Any CPU.ActiveCfg = Release|Any CPU
		{B59BB371-79F6-416B-B00F-81A523FEE99B}.Release|Any CPU.Build.0 = Release|Any CPU
		{697B31F2-F7BF-458E-924A-6BA74EBCBA11}.Debug|Any CPU.ActiveCfg = Debug|Any CPU
		{697B31F2-F7BF-458E-924A-6BA74EBCBA11}.Debug|Any CPU.Build.0 = Debug|Any CPU
		{697B31F2-F7BF-458E-924A-6BA74EBCBA11}.Release|Any CPU.ActiveCfg = Release|Any CPU
		{697B31F2-F7BF-458E-924A-6BA74EBCBA11}.Release|Any CPU.Build.0 = Release|Any CPU
	EndGlobalSection
	GlobalSection(SolutionProperties) = preSolution
		HideSolutionNode = FALSE
	EndGlobalSection
	GlobalSection(ExtensibilityGlobals) = postSolution
		SolutionGuid = {7387E8B6-8343-44E2-8FED-96A38FBFB2FD}
	EndGlobalSection
EndGlobal
